
Microsoft Visual Studio Solution File, Format Version 12.00
# Visual Studio 15
VisualStudioVersion = 15.0.27703.2042
MinimumVisualStudioVersion = 10.0.40219.1
Project("{888888A0-9F3D-457C-B088-3A5042F75D52}") = "KMPAlgo", "KMPAlgo\KMPAlgo.pyproj", "{A6D66F51-8175-4798-A000-03BA83AC88E4}"
EndProject
Global
	GlobalSection(SolutionConfigurationPlatforms) = preSolution
		Debug|Any CPU = Debug|Any CPU
		Release|Any CPU = Release|Any CPU
	EndGlobalSection
	GlobalSection(ProjectConfigurationPlatforms) = postSolution
		{A6D66F51-8175-4798-A000-03BA83AC88E4}.Debug|Any CPU.ActiveCfg = Debug|Any CPU
		{A6D66F51-8175-4798-A000-03BA83AC88E4}.Release|Any CPU.ActiveCfg = Release|Any CPU
	EndGlobalSection
	GlobalSection(SolutionProperties) = preSolution
		HideSolutionNode = FALSE
	EndGlobalSection
	GlobalSection(ExtensibilityGlobals) = postSolution
		SolutionGuid = {3E455385-492D-4081-9AA7-CBD8FFCDA6A2}
	EndGlobalSection
EndGlobal
